
Microsoft Visual Studio Solution File, Format Version 12.00
# Visual Studio Version 16
VisualStudioVersion = 16.0.29806.167
MinimumVisualStudioVersion = 10.0.40219.1
Project("{9A19103F-16F7-4668-BE54-9A1E7A4F7556}") = "TestGrpcWithDapr", "TestGrpcWithDapr\TestGrpcWithDapr.csproj", "{5E299BF9-A0E1-4519-AA78-08842A38C19C}"
EndProject
Project("{9A19103F-16F7-4668-BE54-9A1E7A4F7556}") = "TestGrpcWithDapr.Client", "TestGrpcWithDapr.Client\TestGrpcWithDapr.Client.csproj", "{85896054-B364-4968-8877-4EE9013FC64A}"
EndProject
Project("{2150E333-8FDC-42A3-9474-1A3956D46DE8}") = "Solution Items", "Solution Items", "{19CA9D2D-C4DD-49E0-B359-A0AD9BC7BDE1}"
	ProjectSection(SolutionItems) = preProject
		README.md = README.md
	EndProjectSection
EndProject
Global
	GlobalSection(SolutionConfigurationPlatforms) = preSolution
		Debug|Any CPU = Debug|Any CPU
		Release|Any CPU = Release|Any CPU
	EndGlobalSection
	GlobalSection(ProjectConfigurationPlatforms) = postSolution
		{5E299BF9-A0E1-4519-AA78-08842A38C19C}.Debug|Any CPU.ActiveCfg = Debug|Any CPU
		{5E299BF9-A0E1-4519-AA78-08842A38C19C}.Debug|Any CPU.Build.0 = Debug|Any CPU
		{5E299BF9-A0E1-4519-AA78-08842A38C19C}.Release|Any CPU.ActiveCfg = Release|Any CPU
		{5E299BF9-A0E1-4519-AA78-08842A38C19C}.Release|Any CPU.Build.0 = Release|Any CPU
		{85896054-B364-4968-8877-4EE9013FC64A}.Debug|Any CPU.ActiveCfg = Debug|Any CPU
		{85896054-B364-4968-8877-4EE9013FC64A}.Debug|Any CPU.Build.0 = Debug|Any CPU
		{85896054-B364-4968-8877-4EE9013FC64A}.Release|Any CPU.ActiveCfg = Release|Any CPU
		{85896054-B364-4968-8877-4EE9013FC64A}.Release|Any CPU.Build.0 = Release|Any CPU
	EndGlobalSection
	GlobalSection(SolutionProperties) = preSolution
		HideSolutionNode = FALSE
	EndGlobalSection
	GlobalSection(ExtensibilityGlobals) = postSolution
		SolutionGuid = {D6BED414-4131-40A3-BD36-BAEB3E10E15C}
	EndGlobalSection
EndGlobal
