
Microsoft Visual Studio Solution File, Format Version 12.00
# Visual Studio 15
VisualStudioVersion = 15.0.28307.271
MinimumVisualStudioVersion = 10.0.40219.1
Project("{FAE04EC0-301F-11D3-BF4B-00C04F79EFBC}") = "jjgrpcs-server", "jjgrpcs-server\jjgrpcs-server.csproj", "{333C08E8-A4EF-4F2C-B393-21CA404FBC54}"
EndProject
Project("{2150E333-8FDC-42A3-9474-1A3956D46DE8}") = "Solution Items", "Solution Items", "{061CD7B6-5C7C-4F23-ADE8-F9ADEA9BB4EE}"
	ProjectSection(SolutionItems) = preProject
		README.md = README.md
	EndProjectSection
EndProject
Project("{FAE04EC0-301F-11D3-BF4B-00C04F79EFBC}") = "jjgrpc-client", "jjgrpc-client\jjgrpc-client.csproj", "{2AB41FB8-7618-46E2-961B-942BA393AC56}"
EndProject
Global
	GlobalSection(SolutionConfigurationPlatforms) = preSolution
		Debug|Any CPU = Debug|Any CPU
		Release|Any CPU = Release|Any CPU
	EndGlobalSection
	GlobalSection(ProjectConfigurationPlatforms) = postSolution
		{333C08E8-A4EF-4F2C-B393-21CA404FBC54}.Debug|Any CPU.ActiveCfg = Debug|Any CPU
		{333C08E8-A4EF-4F2C-B393-21CA404FBC54}.Debug|Any CPU.Build.0 = Debug|Any CPU
		{333C08E8-A4EF-4F2C-B393-21CA404FBC54}.Release|Any CPU.ActiveCfg = Release|Any CPU
		{333C08E8-A4EF-4F2C-B393-21CA404FBC54}.Release|Any CPU.Build.0 = Release|Any CPU
		{2AB41FB8-7618-46E2-961B-942BA393AC56}.Debug|Any CPU.ActiveCfg = Debug|Any CPU
		{2AB41FB8-7618-46E2-961B-942BA393AC56}.Debug|Any CPU.Build.0 = Debug|Any CPU
		{2AB41FB8-7618-46E2-961B-942BA393AC56}.Release|Any CPU.ActiveCfg = Release|Any CPU
		{2AB41FB8-7618-46E2-961B-942BA393AC56}.Release|Any CPU.Build.0 = Release|Any CPU
	EndGlobalSection
	GlobalSection(SolutionProperties) = preSolution
		HideSolutionNode = FALSE
	EndGlobalSection
	GlobalSection(ExtensibilityGlobals) = postSolution
		SolutionGuid = {B353E783-55EC-46BF-9AED-9CE98846550A}
	EndGlobalSection
EndGlobal
