
Microsoft Visual Studio Solution File, Format Version 12.00
# Visual Studio Version 16
VisualStudioVersion = 16.0.30114.105
MinimumVisualStudioVersion = 10.0.40219.1
Project("{9A19103F-16F7-4668-BE54-9A1E7A4F7556}") = "jjgrpc-server", "jjgrpc-server\jjgrpc-server.csproj", "{49C766DA-F619-4786-A9F3-B82C6525E1FC}"
EndProject
Project("{2150E333-8FDC-42A3-9474-1A3956D46DE8}") = "Solution Items", "Solution Items", "{45BA5062-31CC-40A7-941F-6069DD4ED279}"
	ProjectSection(SolutionItems) = preProject
		..\README.md = ..\README.md
	EndProjectSection
EndProject
Project("{FAE04EC0-301F-11D3-BF4B-00C04F79EFBC}") = "jjgrpc-client", "jjgrpc-client\jjgrpc-client.csproj", "{3EFAF68F-3B80-4681-A4BB-2DC77D1F27FC}"
EndProject
Global
	GlobalSection(SolutionConfigurationPlatforms) = preSolution
		Debug|Any CPU = Debug|Any CPU
		Release|Any CPU = Release|Any CPU
	EndGlobalSection
	GlobalSection(ProjectConfigurationPlatforms) = postSolution
		{49C766DA-F619-4786-A9F3-B82C6525E1FC}.Debug|Any CPU.ActiveCfg = Debug|Any CPU
		{49C766DA-F619-4786-A9F3-B82C6525E1FC}.Debug|Any CPU.Build.0 = Debug|Any CPU
		{49C766DA-F619-4786-A9F3-B82C6525E1FC}.Release|Any CPU.ActiveCfg = Release|Any CPU
		{49C766DA-F619-4786-A9F3-B82C6525E1FC}.Release|Any CPU.Build.0 = Release|Any CPU
		{3EFAF68F-3B80-4681-A4BB-2DC77D1F27FC}.Debug|Any CPU.ActiveCfg = Debug|Any CPU
		{3EFAF68F-3B80-4681-A4BB-2DC77D1F27FC}.Debug|Any CPU.Build.0 = Debug|Any CPU
		{3EFAF68F-3B80-4681-A4BB-2DC77D1F27FC}.Release|Any CPU.ActiveCfg = Release|Any CPU
		{3EFAF68F-3B80-4681-A4BB-2DC77D1F27FC}.Release|Any CPU.Build.0 = Release|Any CPU
	EndGlobalSection
	GlobalSection(SolutionProperties) = preSolution
		HideSolutionNode = FALSE
	EndGlobalSection
	GlobalSection(ExtensibilityGlobals) = postSolution
		SolutionGuid = {8E2828B6-5390-437D-BC13-5C85A443C79E}
	EndGlobalSection
EndGlobal
